
Microsoft Visual Studio Solution File, Format Version 12.00
# Visual Studio 15
VisualStudioVersion = 15.0.28010.2036
MinimumVisualStudioVersion = 10.0.40219.1
Project("{888888A0-9F3D-457C-B088-3A5042F75D52}") = "Team5Pizza", "Team5Pizza\Team5Pizza.pyproj", "{5F2BF058-361B-45B1-B8AD-F5E9A22BFD70}"
EndProject
Global
	GlobalSection(SolutionConfigurationPlatforms) = preSolution
		Debug|Any CPU = Debug|Any CPU
		Release|Any CPU = Release|Any CPU
	EndGlobalSection
	GlobalSection(ProjectConfigurationPlatforms) = postSolution
		{5F2BF058-361B-45B1-B8AD-F5E9A22BFD70}.Debug|Any CPU.ActiveCfg = Debug|Any CPU
		{5F2BF058-361B-45B1-B8AD-F5E9A22BFD70}.Debug|Any CPU.Build.0 = Debug|Any CPU
		{5F2BF058-361B-45B1-B8AD-F5E9A22BFD70}.Release|Any CPU.ActiveCfg = Release|Any CPU
		{5F2BF058-361B-45B1-B8AD-F5E9A22BFD70}.Release|Any CPU.Build.0 = Release|Any CPU
	EndGlobalSection
	GlobalSection(SolutionProperties) = preSolution
		HideSolutionNode = FALSE
	EndGlobalSection
	GlobalSection(ExtensibilityGlobals) = postSolution
		SolutionGuid = {A760D30F-12A2-4E5B-AE1C-5C5BCF29F057}
	EndGlobalSection
EndGlobal
